
Microsoft Visual Studio Solution File, Format Version 12.00
# Visual Studio Version 16
VisualStudioVersion = 16.0.31702.278
MinimumVisualStudioVersion = 10.0.40219.1
Project("{9A19103F-16F7-4668-BE54-9A1E7A4F7556}") = "Entertainment Blog ~Social Media Platform.UI", "Entertainment Blog ~Social Media Platform.UI\Entertainment Blog ~Social Media Platform.UI.csproj", "{0F08ADDF-913B-480D-94B9-0D7A43E59642}"
EndProject
Project("{9A19103F-16F7-4668-BE54-9A1E7A4F7556}") = "Entertainment Blog.Bussiness", "Entertainment Blog.Bussiness\Entertainment Blog.Bussiness.csproj", "{1167AA74-0C31-45F2-94CC-21346C24E69E}"
EndProject
Project("{9A19103F-16F7-4668-BE54-9A1E7A4F7556}") = "Entertainment Blog.DataAccess", "Entertainment Blog.DataAccess\Entertainment Blog.DataAccess.csproj", "{EEA994C3-0BA0-424F-AC93-28CE725DDE3C}"
EndProject
Project("{9A19103F-16F7-4668-BE54-9A1E7A4F7556}") = "Entertainment Blog.Entity", "Entertainment Blog.Entity\Entertainment Blog.Entity.csproj", "{19C4924F-C536-45E4-B41F-321825AA1019}"
EndProject
Project("{9A19103F-16F7-4668-BE54-9A1E7A4F7556}") = "Entertainment Blog.DTO", "Entertainment Blog.DTO\Entertainment Blog.DTO.csproj", "{8724370E-4483-456E-9361-EA3CDE4788B4}"
EndProject
Global
	GlobalSection(SolutionConfigurationPlatforms) = preSolution
		Debug|Any CPU = Debug|Any CPU
		Release|Any CPU = Release|Any CPU
	EndGlobalSection
	GlobalSection(ProjectConfigurationPlatforms) = postSolution
		{0F08ADDF-913B-480D-94B9-0D7A43E59642}.Debug|Any CPU.ActiveCfg = Debug|Any CPU
		{0F08ADDF-913B-480D-94B9-0D7A43E59642}.Debug|Any CPU.Build.0 = Debug|Any CPU
		{0F08ADDF-913B-480D-94B9-0D7A43E59642}.Release|Any CPU.ActiveCfg = Release|Any CPU
		{0F08ADDF-913B-480D-94B9-0D7A43E59642}.Release|Any CPU.Build.0 = Release|Any CPU
		{1167AA74-0C31-45F2-94CC-21346C24E69E}.Debug|Any CPU.ActiveCfg = Debug|Any CPU
		{1167AA74-0C31-45F2-94CC-21346C24E69E}.Debug|Any CPU.Build.0 = Debug|Any CPU
		{1167AA74-0C31-45F2-94CC-21346C24E69E}.Release|Any CPU.ActiveCfg = Release|Any CPU
		{1167AA74-0C31-45F2-94CC-21346C24E69E}.Release|Any CPU.Build.0 = Release|Any CPU
		{EEA994C3-0BA0-424F-AC93-28CE725DDE3C}.Debug|Any CPU.ActiveCfg = Debug|Any CPU
		{EEA994C3-0BA0-424F-AC93-28CE725DDE3C}.Debug|Any CPU.Build.0 = Debug|Any CPU
		{EEA994C3-0BA0-424F-AC93-28CE725DDE3C}.Release|Any CPU.ActiveCfg = Release|Any CPU
		{EEA994C3-0BA0-424F-AC93-28CE725DDE3C}.Release|Any CPU.Build.0 = Release|Any CPU
		{19C4924F-C536-45E4-B41F-321825AA1019}.Debug|Any CPU.ActiveCfg = Debug|Any CPU
		{19C4924F-C536-45E4-B41F-321825AA1019}.Debug|Any CPU.Build.0 = Debug|Any CPU
		{19C4924F-C536-45E4-B41F-321825AA1019}.Release|Any CPU.ActiveCfg = Release|Any CPU
		{19C4924F-C536-45E4-B41F-321825AA1019}.Release|Any CPU.Build.0 = Release|Any CPU
		{8724370E-4483-456E-9361-EA3CDE4788B4}.Debug|Any CPU.ActiveCfg = Debug|Any CPU
		{8724370E-4483-456E-9361-EA3CDE4788B4}.Debug|Any CPU.Build.0 = Debug|Any CPU
		{8724370E-4483-456E-9361-EA3CDE4788B4}.Release|Any CPU.ActiveCfg = Release|Any CPU
		{8724370E-4483-456E-9361-EA3CDE4788B4}.Release|Any CPU.Build.0 = Release|Any CPU
	EndGlobalSection
	GlobalSection(SolutionProperties) = preSolution
		HideSolutionNode = FALSE
	EndGlobalSection
	GlobalSection(ExtensibilityGlobals) = postSolution
		SolutionGuid = {9952EC06-C9DE-4CBF-AC27-29B6C4B69DE0}
	EndGlobalSection
EndGlobal
